
Microsoft Visual Studio Solution File, Format Version 12.00
# Visual Studio Version 17
VisualStudioVersion = 17.5.33424.131
MinimumVisualStudioVersion = 10.0.40219.1
Project("{FAE04EC0-301F-11D3-BF4B-00C04F79EFBC}") = "CRUD", "CRUD.csproj", "{B16760EE-E591-4743-97C7-8894343FC9AF}"
EndProject
Global
	GlobalSection(SolutionConfigurationPlatforms) = preSolution
		Debug|Any CPU = Debug|Any CPU
		Release|Any CPU = Release|Any CPU
	EndGlobalSection
	GlobalSection(ProjectConfigurationPlatforms) = postSolution
		{B16760EE-E591-4743-97C7-8894343FC9AF}.Debug|Any CPU.ActiveCfg = Debug|Any CPU
		{B16760EE-E591-4743-97C7-8894343FC9AF}.Debug|Any CPU.Build.0 = Debug|Any CPU
		{B16760EE-E591-4743-97C7-8894343FC9AF}.Release|Any CPU.ActiveCfg = Release|Any CPU
		{B16760EE-E591-4743-97C7-8894343FC9AF}.Release|Any CPU.Build.0 = Release|Any CPU
	EndGlobalSection
	GlobalSection(SolutionProperties) = preSolution
		HideSolutionNode = FALSE
	EndGlobalSection
	GlobalSection(ExtensibilityGlobals) = postSolution
		SolutionGuid = {6068347A-F87D-41A4-BBF4-FA5106B88A5C}
	EndGlobalSection
EndGlobal
